
Microsoft Visual Studio Solution File, Format Version 12.00
# Visual Studio Version 17
VisualStudioVersion = 17.3.32929.385
MinimumVisualStudioVersion = 10.0.40219.1
Project("{FAE04EC0-301F-11D3-BF4B-00C04F79EFBC}") = "APIApplication", "APIApplication\APIApplication.csproj", "{366E8FC1-67E0-40E5-A524-2203E0D4202D}"
EndProject
Global
	GlobalSection(SolutionConfigurationPlatforms) = preSolution
		Debug|Any CPU = Debug|Any CPU
		Release|Any CPU = Release|Any CPU
	EndGlobalSection
	GlobalSection(ProjectConfigurationPlatforms) = postSolution
		{366E8FC1-67E0-40E5-A524-2203E0D4202D}.Debug|Any CPU.ActiveCfg = Debug|Any CPU
		{366E8FC1-67E0-40E5-A524-2203E0D4202D}.Debug|Any CPU.Build.0 = Debug|Any CPU
		{366E8FC1-67E0-40E5-A524-2203E0D4202D}.Release|Any CPU.ActiveCfg = Release|Any CPU
		{366E8FC1-67E0-40E5-A524-2203E0D4202D}.Release|Any CPU.Build.0 = Release|Any CPU
	EndGlobalSection
	GlobalSection(SolutionProperties) = preSolution
		HideSolutionNode = FALSE
	EndGlobalSection
	GlobalSection(ExtensibilityGlobals) = postSolution
		SolutionGuid = {ED8109F3-4803-4A3B-B742-0836EA183724}
	EndGlobalSection
EndGlobal
